
Microsoft Visual Studio Solution File, Format Version 12.00
# Visual Studio Version 17
VisualStudioVersion = 17.11.35327.3
MinimumVisualStudioVersion = 10.0.40219.1
Project("{9A19103F-16F7-4668-BE54-9A1E7A4F7556}") = "TocnoVrijeme", "TocnoVrijeme\TocnoVrijeme.csproj", "{173AB7F3-5E83-4094-86AA-1EB9BACBCFD8}"
EndProject
Project("{9A19103F-16F7-4668-BE54-9A1E7A4F7556}") = "Inicijali", "Inicijali\Inicijali.csproj", "{FD159674-6C80-438B-BCFA-B6EFB6813438}"
EndProject
Project("{FAE04EC0-301F-11D3-BF4B-00C04F79EFBC}") = "ProsjekOcjena", "ProsjekOcjena\ProsjekOcjena.csproj", "{9C192D39-CF83-4980-A5BB-B3D15F017949}"
EndProject
Project("{FAE04EC0-301F-11D3-BF4B-00C04F79EFBC}") = "ProsjekOcjena_TryParse", "ProsjekOcjena_TryParse\ProsjekOcjena_TryParse.csproj", "{7B06536E-34BE-4C07-87C7-0AD6AE6A14E3}"
EndProject
Project("{FAE04EC0-301F-11D3-BF4B-00C04F79EFBC}") = "DatumiRodenja", "DatumiRodenja\DatumiRodenja.csproj", "{64CBA7C0-F978-4591-8579-5AE24C011C98}"
EndProject
Project("{FAE04EC0-301F-11D3-BF4B-00C04F79EFBC}") = "DaniMjeseca", "DaniMjeseca\DaniMjeseca.csproj", "{553285B0-E486-4416-A8ED-65537FDC70BA}"
EndProject
Project("{FAE04EC0-301F-11D3-BF4B-00C04F79EFBC}") = "PogadanjeBroja", "PogadanjeBroja\PogadanjeBroja.csproj", "{E145C696-9E84-4021-A346-F29CD569CB9C}"
EndProject
Project("{FAE04EC0-301F-11D3-BF4B-00C04F79EFBC}") = "Djelitelji", "Djelitelji\Djelitelji.csproj", "{5BD1765D-C34F-43E5-A246-79805CB28B08}"
EndProject
Project("{FAE04EC0-301F-11D3-BF4B-00C04F79EFBC}") = "Djelitelji_petlja", "Djelitelji_petlja\Djelitelji_petlja.csproj", "{4A77972B-A7B5-4C53-81A2-9BF922F9AFDE}"
EndProject
Project("{FAE04EC0-301F-11D3-BF4B-00C04F79EFBC}") = "IzracunKamata", "IzracunKamata\IzracunKamata.csproj", "{4EDB817B-10E1-4D09-8931-BEE73D95C2AE}"
EndProject
Global
	GlobalSection(SolutionConfigurationPlatforms) = preSolution
		Debug|Any CPU = Debug|Any CPU
		Release|Any CPU = Release|Any CPU
	EndGlobalSection
	GlobalSection(ProjectConfigurationPlatforms) = postSolution
		{173AB7F3-5E83-4094-86AA-1EB9BACBCFD8}.Debug|Any CPU.ActiveCfg = Debug|Any CPU
		{173AB7F3-5E83-4094-86AA-1EB9BACBCFD8}.Debug|Any CPU.Build.0 = Debug|Any CPU
		{173AB7F3-5E83-4094-86AA-1EB9BACBCFD8}.Release|Any CPU.ActiveCfg = Release|Any CPU
		{173AB7F3-5E83-4094-86AA-1EB9BACBCFD8}.Release|Any CPU.Build.0 = Release|Any CPU
		{FD159674-6C80-438B-BCFA-B6EFB6813438}.Debug|Any CPU.ActiveCfg = Debug|Any CPU
		{FD159674-6C80-438B-BCFA-B6EFB6813438}.Debug|Any CPU.Build.0 = Debug|Any CPU
		{FD159674-6C80-438B-BCFA-B6EFB6813438}.Release|Any CPU.ActiveCfg = Release|Any CPU
		{FD159674-6C80-438B-BCFA-B6EFB6813438}.Release|Any CPU.Build.0 = Release|Any CPU
		{9C192D39-CF83-4980-A5BB-B3D15F017949}.Debug|Any CPU.ActiveCfg = Debug|Any CPU
		{9C192D39-CF83-4980-A5BB-B3D15F017949}.Debug|Any CPU.Build.0 = Debug|Any CPU
		{9C192D39-CF83-4980-A5BB-B3D15F017949}.Release|Any CPU.ActiveCfg = Release|Any CPU
		{9C192D39-CF83-4980-A5BB-B3D15F017949}.Release|Any CPU.Build.0 = Release|Any CPU
		{7B06536E-34BE-4C07-87C7-0AD6AE6A14E3}.Debug|Any CPU.ActiveCfg = Debug|Any CPU
		{7B06536E-34BE-4C07-87C7-0AD6AE6A14E3}.Debug|Any CPU.Build.0 = Debug|Any CPU
		{7B06536E-34BE-4C07-87C7-0AD6AE6A14E3}.Release|Any CPU.ActiveCfg = Release|Any CPU
		{7B06536E-34BE-4C07-87C7-0AD6AE6A14E3}.Release|Any CPU.Build.0 = Release|Any CPU
		{64CBA7C0-F978-4591-8579-5AE24C011C98}.Debug|Any CPU.ActiveCfg = Debug|Any CPU
		{64CBA7C0-F978-4591-8579-5AE24C011C98}.Debug|Any CPU.Build.0 = Debug|Any CPU
		{64CBA7C0-F978-4591-8579-5AE24C011C98}.Release|Any CPU.ActiveCfg = Release|Any CPU
		{64CBA7C0-F978-4591-8579-5AE24C011C98}.Release|Any CPU.Build.0 = Release|Any CPU
		{553285B0-E486-4416-A8ED-65537FDC70BA}.Debug|Any CPU.ActiveCfg = Debug|Any CPU
		{553285B0-E486-4416-A8ED-65537FDC70BA}.Debug|Any CPU.Build.0 = Debug|Any CPU
		{553285B0-E486-4416-A8ED-65537FDC70BA}.Release|Any CPU.ActiveCfg = Release|Any CPU
		{553285B0-E486-4416-A8ED-65537FDC70BA}.Release|Any CPU.Build.0 = Release|Any CPU
		{E145C696-9E84-4021-A346-F29CD569CB9C}.Debug|Any CPU.ActiveCfg = Debug|Any CPU
		{E145C696-9E84-4021-A346-F29CD569CB9C}.Debug|Any CPU.Build.0 = Debug|Any CPU
		{E145C696-9E84-4021-A346-F29CD569CB9C}.Release|Any CPU.ActiveCfg = Release|Any CPU
		{E145C696-9E84-4021-A346-F29CD569CB9C}.Release|Any CPU.Build.0 = Release|Any CPU
		{5BD1765D-C34F-43E5-A246-79805CB28B08}.Debug|Any CPU.ActiveCfg = Debug|Any CPU
		{5BD1765D-C34F-43E5-A246-79805CB28B08}.Debug|Any CPU.Build.0 = Debug|Any CPU
		{5BD1765D-C34F-43E5-A246-79805CB28B08}.Release|Any CPU.ActiveCfg = Release|Any CPU
		{5BD1765D-C34F-43E5-A246-79805CB28B08}.Release|Any CPU.Build.0 = Release|Any CPU
		{4A77972B-A7B5-4C53-81A2-9BF922F9AFDE}.Debug|Any CPU.ActiveCfg = Debug|Any CPU
		{4A77972B-A7B5-4C53-81A2-9BF922F9AFDE}.Debug|Any CPU.Build.0 = Debug|Any CPU
		{4A77972B-A7B5-4C53-81A2-9BF922F9AFDE}.Release|Any CPU.ActiveCfg = Release|Any CPU
		{4A77972B-A7B5-4C53-81A2-9BF922F9AFDE}.Release|Any CPU.Build.0 = Release|Any CPU
		{4EDB817B-10E1-4D09-8931-BEE73D95C2AE}.Debug|Any CPU.ActiveCfg = Debug|Any CPU
		{4EDB817B-10E1-4D09-8931-BEE73D95C2AE}.Debug|Any CPU.Build.0 = Debug|Any CPU
		{4EDB817B-10E1-4D09-8931-BEE73D95C2AE}.Release|Any CPU.ActiveCfg = Release|Any CPU
		{4EDB817B-10E1-4D09-8931-BEE73D95C2AE}.Release|Any CPU.Build.0 = Release|Any CPU
	EndGlobalSection
	GlobalSection(SolutionProperties) = preSolution
		HideSolutionNode = FALSE
	EndGlobalSection
	GlobalSection(ExtensibilityGlobals) = postSolution
		SolutionGuid = {F8D44F38-CE16-4FE0-A545-A549B2061F24}
	EndGlobalSection
EndGlobal
