
Microsoft Visual Studio Solution File, Format Version 12.00
# Visual Studio Version 17
VisualStudioVersion = 17.11.35222.181
MinimumVisualStudioVersion = 10.0.40219.1
Project("{FAE04EC0-301F-11D3-BF4B-00C04F79EFBC}") = "Zadatak2", "Zadatak2\Zadatak2.csproj", "{1B0C6BBA-2CA9-4AFC-9695-F8AC97D1E80C}"
EndProject
Project("{FAE04EC0-301F-11D3-BF4B-00C04F79EFBC}") = "Zadatak1", "Zadatak1\Zadatak1.csproj", "{311528E0-3033-45AC-80BB-E5D237E1E855}"
EndProject
Global
	GlobalSection(SolutionConfigurationPlatforms) = preSolution
		Debug|Any CPU = Debug|Any CPU
		Release|Any CPU = Release|Any CPU
	EndGlobalSection
	GlobalSection(ProjectConfigurationPlatforms) = postSolution
		{1B0C6BBA-2CA9-4AFC-9695-F8AC97D1E80C}.Debug|Any CPU.ActiveCfg = Debug|Any CPU
		{1B0C6BBA-2CA9-4AFC-9695-F8AC97D1E80C}.Debug|Any CPU.Build.0 = Debug|Any CPU
		{1B0C6BBA-2CA9-4AFC-9695-F8AC97D1E80C}.Release|Any CPU.ActiveCfg = Release|Any CPU
		{1B0C6BBA-2CA9-4AFC-9695-F8AC97D1E80C}.Release|Any CPU.Build.0 = Release|Any CPU
		{311528E0-3033-45AC-80BB-E5D237E1E855}.Debug|Any CPU.ActiveCfg = Debug|Any CPU
		{311528E0-3033-45AC-80BB-E5D237E1E855}.Debug|Any CPU.Build.0 = Debug|Any CPU
		{311528E0-3033-45AC-80BB-E5D237E1E855}.Release|Any CPU.ActiveCfg = Release|Any CPU
		{311528E0-3033-45AC-80BB-E5D237E1E855}.Release|Any CPU.Build.0 = Release|Any CPU
	EndGlobalSection
	GlobalSection(SolutionProperties) = preSolution
		HideSolutionNode = FALSE
	EndGlobalSection
	GlobalSection(ExtensibilityGlobals) = postSolution
		SolutionGuid = {60BFD937-4707-42A8-8697-B42976F3115B}
	EndGlobalSection
EndGlobal
